
Microsoft Visual Studio Solution File, Format Version 12.00
# Visual Studio Version 17
VisualStudioVersion = 17.14.36310.24
MinimumVisualStudioVersion = 10.0.40219.1
Project("{9A19103F-16F7-4668-BE54-9A1E7A4F7556}") = "Grpc.Client", "Grpc.Client\Grpc.Client.csproj", "{7D9006FD-34ED-4D15-ABE5-CDD68AE34490}"
EndProject
Project("{9A19103F-16F7-4668-BE54-9A1E7A4F7556}") = "Grpc.Server", "Grpc.Server\Grpc.Server.csproj", "{94EC6806-A408-4C2B-ABE0-316C2B9463A7}"
EndProject
Project("{2150E333-8FDC-42A3-9474-1A3956D46DE8}") = "Solution Items", "Solution Items", "{02EA681E-C7D8-13C7-8484-4AC65E1B71E8}"
	ProjectSection(SolutionItems) = preProject
		.gitignore = .gitignore
		Directory.Build.props = Directory.Build.props
		Honeywell.ico = Honeywell.ico
		LICENSE = LICENSE
		README.md = README.md
	EndProjectSection
EndProject
Global
	GlobalSection(SolutionConfigurationPlatforms) = preSolution
		Debug|Any CPU = Debug|Any CPU
		Release|Any CPU = Release|Any CPU
		Remote|Any CPU = Remote|Any CPU
	EndGlobalSection
	GlobalSection(ProjectConfigurationPlatforms) = postSolution
		{7D9006FD-34ED-4D15-ABE5-CDD68AE34490}.Debug|Any CPU.ActiveCfg = Debug|Any CPU
		{7D9006FD-34ED-4D15-ABE5-CDD68AE34490}.Debug|Any CPU.Build.0 = Debug|Any CPU
		{7D9006FD-34ED-4D15-ABE5-CDD68AE34490}.Release|Any CPU.ActiveCfg = Release|Any CPU
		{7D9006FD-34ED-4D15-ABE5-CDD68AE34490}.Release|Any CPU.Build.0 = Release|Any CPU
		{7D9006FD-34ED-4D15-ABE5-CDD68AE34490}.Remote|Any CPU.ActiveCfg = Debug|Any CPU
		{7D9006FD-34ED-4D15-ABE5-CDD68AE34490}.Remote|Any CPU.Build.0 = Debug|Any CPU
		{94EC6806-A408-4C2B-ABE0-316C2B9463A7}.Debug|Any CPU.ActiveCfg = Debug|Any CPU
		{94EC6806-A408-4C2B-ABE0-316C2B9463A7}.Debug|Any CPU.Build.0 = Debug|Any CPU
		{94EC6806-A408-4C2B-ABE0-316C2B9463A7}.Release|Any CPU.ActiveCfg = Release|Any CPU
		{94EC6806-A408-4C2B-ABE0-316C2B9463A7}.Release|Any CPU.Build.0 = Release|Any CPU
		{94EC6806-A408-4C2B-ABE0-316C2B9463A7}.Remote|Any CPU.ActiveCfg = Remote|Any CPU
		{94EC6806-A408-4C2B-ABE0-316C2B9463A7}.Remote|Any CPU.Build.0 = Remote|Any CPU
	EndGlobalSection
	GlobalSection(SolutionProperties) = preSolution
		HideSolutionNode = FALSE
	EndGlobalSection
	GlobalSection(ExtensibilityGlobals) = postSolution
		SolutionGuid = {B6E2B483-0C9B-4477-B41E-7E25B4290AC3}
	EndGlobalSection
EndGlobal
